{
  "name": "value-deck",
  "lockfileVersion": 3,
  "requires": true,
  "packages": {
    "": {
      "devDependencies": {
        "@netlify/plugin-nextjs": "^5.9.2"
      }
    },
    "node_modules/@netlify/plugin-nextjs": {
      "version": "5.9.2",
      "resolved": "https://registry.npmjs.org/@netlify/plugin-nextjs/-/plugin-nextjs-5.9.2.tgz",
      "integrity": "sha512-uoceIqubfp99UysXV0JvYL8uIybSnfAywwP1b3wNQLu+EueCRKuNvRiiwBkA5gta/rTEp23xD1HmuyT/9JDbaA==",
      "dev": true,
      "engines": {
        "node": ">=18.0.0"
      }
    }
  }
}
